
Microsoft Visual Studio Solution File, Format Version 12.00
# Visual Studio Version 17
VisualStudioVersion = 17.10.35013.160
MinimumVisualStudioVersion = 10.0.40219.1
Project("{9A19103F-16F7-4668-BE54-9A1E7A4F7556}") = "WealthCalculator", "WealthCalculator.csproj", "{3BEF0B80-A43E-4352-9D11-6F9690405393}"
EndProject
Project("{54435603-DBB4-11D2-8724-00A0C9A8B90C}") = "Wealth Calculator Setup", "..\Wealth Calculator Setup\Wealth Calculator Setup.vdproj", "{A78A620B-46B2-4AF3-88D6-59FD3D1BFA2D}"
EndProject
Global
	GlobalSection(SolutionConfigurationPlatforms) = preSolution
		Debug|Any CPU = Debug|Any CPU
		Release|Any CPU = Release|Any CPU
	EndGlobalSection
	GlobalSection(ProjectConfigurationPlatforms) = postSolution
		{3BEF0B80-A43E-4352-9D11-6F9690405393}.Debug|Any CPU.ActiveCfg = Debug|Any CPU
		{3BEF0B80-A43E-4352-9D11-6F9690405393}.Debug|Any CPU.Build.0 = Debug|Any CPU
		{3BEF0B80-A43E-4352-9D11-6F9690405393}.Release|Any CPU.ActiveCfg = Release|Any CPU
		{3BEF0B80-A43E-4352-9D11-6F9690405393}.Release|Any CPU.Build.0 = Release|Any CPU
		{A78A620B-46B2-4AF3-88D6-59FD3D1BFA2D}.Debug|Any CPU.ActiveCfg = Debug
		{A78A620B-46B2-4AF3-88D6-59FD3D1BFA2D}.Release|Any CPU.ActiveCfg = Release
	EndGlobalSection
	GlobalSection(SolutionProperties) = preSolution
		HideSolutionNode = FALSE
	EndGlobalSection
	GlobalSection(ExtensibilityGlobals) = postSolution
		SolutionGuid = {340ED58D-7078-4685-8474-E0A1DBE2A218}
	EndGlobalSection
EndGlobal
